{
  "name": "lab-javascript",
  "version": "1.0.0",
  "lockfileVersion": 1,
  "requires": true,
  "dependencies": {
    "qr.js": {
      "version": "0.0.0",
      "resolved": "http://registry.npm.taobao.org/qr.js/download/qr.js-0.0.0.tgz",
      "integrity": "sha1-ys6GOG9ZoNuAUPqQ2baw6IoeNk8=",
      "dev": true
    },
    "qrcode-vue": {
      "version": "1.0.4",
      "resolved": "http://registry.npm.taobao.org/qrcode-vue/download/qrcode-vue-1.0.4.tgz",
      "integrity": "sha1-U54+xakpo93aGYLed9GNgljnZHc=",
      "dev": true,
      "requires": {
        "qr.js": "0.0.0"
      }
    }
  }
}
